
Microsoft Visual Studio Solution File, Format Version 12.00
# Visual Studio Version 17
VisualStudioVersion = 17.10.35122.118
MinimumVisualStudioVersion = 10.0.40219.1
Project("{FAE04EC0-301F-11D3-BF4B-00C04F79EFBC}") = "task-day3", "task-day3\task-day3.csproj", "{867D88BD-5CD5-4FC8-B06B-23C8C73CF6DE}"
EndProject
Global
	GlobalSection(SolutionConfigurationPlatforms) = preSolution
		Debug|Any CPU = Debug|Any CPU
		Release|Any CPU = Release|Any CPU
	EndGlobalSection
	GlobalSection(ProjectConfigurationPlatforms) = postSolution
		{867D88BD-5CD5-4FC8-B06B-23C8C73CF6DE}.Debug|Any CPU.ActiveCfg = Debug|Any CPU
		{867D88BD-5CD5-4FC8-B06B-23C8C73CF6DE}.Debug|Any CPU.Build.0 = Debug|Any CPU
		{867D88BD-5CD5-4FC8-B06B-23C8C73CF6DE}.Release|Any CPU.ActiveCfg = Release|Any CPU
		{867D88BD-5CD5-4FC8-B06B-23C8C73CF6DE}.Release|Any CPU.Build.0 = Release|Any CPU
	EndGlobalSection
	GlobalSection(SolutionProperties) = preSolution
		HideSolutionNode = FALSE
	EndGlobalSection
	GlobalSection(ExtensibilityGlobals) = postSolution
		SolutionGuid = {6265A1F1-46F2-4F4F-A25A-482E47360294}
	EndGlobalSection
EndGlobal
