
Microsoft Visual Studio Solution File, Format Version 12.00
# Visual Studio Version 17
VisualStudioVersion = 17.11.35208.52
MinimumVisualStudioVersion = 10.0.40219.1
Project("{FAE04EC0-301F-11D3-BF4B-00C04F79EFBC}") = "task1(dependancyInjection)-day7", "task1-day7\task1(dependancyInjection)-day7.csproj", "{0B2FE1B5-210C-4DC4-989D-E76AAB22A860}"
EndProject
Global
	GlobalSection(SolutionConfigurationPlatforms) = preSolution
		Debug|Any CPU = Debug|Any CPU
		Release|Any CPU = Release|Any CPU
	EndGlobalSection
	GlobalSection(ProjectConfigurationPlatforms) = postSolution
		{0B2FE1B5-210C-4DC4-989D-E76AAB22A860}.Debug|Any CPU.ActiveCfg = Debug|Any CPU
		{0B2FE1B5-210C-4DC4-989D-E76AAB22A860}.Debug|Any CPU.Build.0 = Debug|Any CPU
		{0B2FE1B5-210C-4DC4-989D-E76AAB22A860}.Release|Any CPU.ActiveCfg = Release|Any CPU
		{0B2FE1B5-210C-4DC4-989D-E76AAB22A860}.Release|Any CPU.Build.0 = Release|Any CPU
	EndGlobalSection
	GlobalSection(SolutionProperties) = preSolution
		HideSolutionNode = FALSE
	EndGlobalSection
	GlobalSection(ExtensibilityGlobals) = postSolution
		SolutionGuid = {642919FB-8DAE-488E-84ED-423ECE451BBA}
	EndGlobalSection
EndGlobal
